
Microsoft Visual Studio Solution File, Format Version 12.00
# Visual Studio 2012
Project("{FAE04EC0-301F-11D3-BF4B-00C04F79EFBC}") = "API-JQuery", "API-JQuery\API-JQuery.csproj", "{9351096D-0659-45A8-90A2-D046A7A46DC5}"
EndProject
Global
	GlobalSection(SolutionConfigurationPlatforms) = preSolution
		Debug|Any CPU = Debug|Any CPU
		Release|Any CPU = Release|Any CPU
	EndGlobalSection
	GlobalSection(ProjectConfigurationPlatforms) = postSolution
		{9351096D-0659-45A8-90A2-D046A7A46DC5}.Debug|Any CPU.ActiveCfg = Debug|Any CPU
		{9351096D-0659-45A8-90A2-D046A7A46DC5}.Debug|Any CPU.Build.0 = Debug|Any CPU
		{9351096D-0659-45A8-90A2-D046A7A46DC5}.Release|Any CPU.ActiveCfg = Release|Any CPU
		{9351096D-0659-45A8-90A2-D046A7A46DC5}.Release|Any CPU.Build.0 = Release|Any CPU
	EndGlobalSection
	GlobalSection(SolutionProperties) = preSolution
		HideSolutionNode = FALSE
	EndGlobalSection
EndGlobal
